
Microsoft Visual Studio Solution File, Format Version 12.00
# Visual Studio Version 16
VisualStudioVersion = 16.0.30804.86
MinimumVisualStudioVersion = 10.0.40219.1
Project("{FAE04EC0-301F-11D3-BF4B-00C04F79EFBC}") = "StudyMaterialsSharingSystem", "StudyMaterialsSharingSystem\StudyMaterialsSharingSystem.csproj", "{7C09078C-7E4A-4F95-B336-9AEF07DCE2E2}"
EndProject
Global
	GlobalSection(SolutionConfigurationPlatforms) = preSolution
		Debug|Any CPU = Debug|Any CPU
		Release|Any CPU = Release|Any CPU
	EndGlobalSection
	GlobalSection(ProjectConfigurationPlatforms) = postSolution
		{7C09078C-7E4A-4F95-B336-9AEF07DCE2E2}.Debug|Any CPU.ActiveCfg = Debug|Any CPU
		{7C09078C-7E4A-4F95-B336-9AEF07DCE2E2}.Debug|Any CPU.Build.0 = Debug|Any CPU
		{7C09078C-7E4A-4F95-B336-9AEF07DCE2E2}.Release|Any CPU.ActiveCfg = Release|Any CPU
		{7C09078C-7E4A-4F95-B336-9AEF07DCE2E2}.Release|Any CPU.Build.0 = Release|Any CPU
	EndGlobalSection
	GlobalSection(SolutionProperties) = preSolution
		HideSolutionNode = FALSE
	EndGlobalSection
	GlobalSection(ExtensibilityGlobals) = postSolution
		SolutionGuid = {0B80CB64-8032-44FF-9B29-B81051C2A53C}
	EndGlobalSection
EndGlobal
